
Microsoft Visual Studio Solution File, Format Version 12.00
# Visual Studio Version 17
VisualStudioVersion = 17.9.34723.18
MinimumVisualStudioVersion = 10.0.40219.1
Project("{9A19103F-16F7-4668-BE54-9A1E7A4F7556}") = "SmartCampus", "SmartCampus.csproj", "{F0FA9568-8406-4150-B3BB-F81B08C85C35}"
EndProject
Global
	GlobalSection(SolutionConfigurationPlatforms) = preSolution
		Debug|Any CPU = Debug|Any CPU
		Release|Any CPU = Release|Any CPU
	EndGlobalSection
	GlobalSection(ProjectConfigurationPlatforms) = postSolution
		{F0FA9568-8406-4150-B3BB-F81B08C85C35}.Debug|Any CPU.ActiveCfg = Debug|Any CPU
		{F0FA9568-8406-4150-B3BB-F81B08C85C35}.Debug|Any CPU.Build.0 = Debug|Any CPU
		{F0FA9568-8406-4150-B3BB-F81B08C85C35}.Release|Any CPU.ActiveCfg = Release|Any CPU
		{F0FA9568-8406-4150-B3BB-F81B08C85C35}.Release|Any CPU.Build.0 = Release|Any CPU
	EndGlobalSection
	GlobalSection(SolutionProperties) = preSolution
		HideSolutionNode = FALSE
	EndGlobalSection
	GlobalSection(ExtensibilityGlobals) = postSolution
		SolutionGuid = {EECEC274-0EEF-4442-A0C7-82B0B9D7D409}
	EndGlobalSection
EndGlobal
